
Microsoft Visual Studio Solution File, Format Version 12.00
# Visual Studio Version 16
VisualStudioVersion = 16.0.808.7
MinimumVisualStudioVersion = 10.0.40219.1
Project("{FAE04EC0-301F-11D3-BF4B-00C04F79EFBC}") = "ChessProjectFix", "ChessProjectFix.csproj", "{B34B6439-4150-43CB-8BB6-7858C6C21B1C}"
EndProject
Global
	GlobalSection(SolutionConfigurationPlatforms) = preSolution
		Debug|Any CPU = Debug|Any CPU
		Release|Any CPU = Release|Any CPU
	EndGlobalSection
	GlobalSection(ProjectConfigurationPlatforms) = postSolution
		{B34B6439-4150-43CB-8BB6-7858C6C21B1C}.Debug|Any CPU.ActiveCfg = Debug|Any CPU
		{B34B6439-4150-43CB-8BB6-7858C6C21B1C}.Debug|Any CPU.Build.0 = Debug|Any CPU
		{B34B6439-4150-43CB-8BB6-7858C6C21B1C}.Release|Any CPU.ActiveCfg = Release|Any CPU
		{B34B6439-4150-43CB-8BB6-7858C6C21B1C}.Release|Any CPU.Build.0 = Release|Any CPU
	EndGlobalSection
	GlobalSection(SolutionProperties) = preSolution
		HideSolutionNode = FALSE
	EndGlobalSection
	GlobalSection(ExtensibilityGlobals) = postSolution
		SolutionGuid = {7E188D23-5522-4FAF-B1E6-CB152C1D33BD}
	EndGlobalSection
EndGlobal
